{
    "_readme": [
        "This file locks the dependencies of your project to a known state",
        "Read more about it at https://getcomposer.org/doc/01-basic-usage.md#installing-dependencies",
        "This file is @generated automatically"
    ],
    "content-hash": "ca0555d8242668d7dbfac78ff8edf7ab",
    "packages": [
        {
            "name": "3rdpartyeve/phealng",
            "version": "1.3.0",
            "source": {
                "type": "git",
                "url": "https://github.com/3rdpartyeve/phealng.git",
                "reference": "22f92674c0bf5272d559cd54a49bd09d3af2f015"
            },
            "dist": {
                "type": "zip",
                "url": "https://api.github.com/repos/3rdpartyeve/phealng/zipball/22f92674c0bf5272d559cd54a49bd09d3af2f015",
                "reference": "22f92674c0bf5272d559cd54a49bd09d3af2f015",
                "shasum": ""
            },
            "require": {
                "php": ">=5.3.0"
            },
            "type": "library",
            "autoload": {
                "psr-4": {
                    "Pheal\\": "lib/Pheal/"
                }
            },
            "notification-url": "https://packagist.org/downloads/",
            "license": [
                "MIT"
            ],
            "authors": [
                {
                    "name": "Peter Petermann",
                    "email": "ppetermann80@googlemail.com",
                    "homepage": "http://devedge.eu"
                },
                {
                    "name": "Wollari",
                    "homepage": "http://evemaps.dotlan.net/"
                }
            ],
            "description": "PHP Eve Api Library, a simple PHP lib to access the EVE Online API",
            "homepage": "https://github.com/3rdpartyeve/phealng",
            "keywords": [
                "EVE API",
                "EVE Online",
                "Pheal",
                "PhealNG"
            ],
            "abandoned": true,
            "time": "2014-11-21T09:42:47+00:00"
        },
        {
            "name": "cvweiss/redistools",
            "version": "v0.0.5",
            "source": {
                "type": "git",
                "url": "https://github.com/cvweiss/redistools.git",
                "reference": "ff3399d7263ff17a59d9cce0fb4934553cd55be5"
            },
            "dist": {
                "type": "zip",
                "url": "https://api.github.com/repos/cvweiss/redistools/zipball/ff3399d7263ff17a59d9cce0fb4934553cd55be5",
                "reference": "ff3399d7263ff17a59d9cce0fb4934553cd55be5",
                "shasum": ""
            },
            "type": "library",
            "autoload": {
                "psr-4": {
                    "cvweiss\\redistools\\": "src/"
                }
            },
            "notification-url": "https://packagist.org/downloads/",
            "license": [
                "MIT"
            ],
            "authors": [
                {
                    "name": "Clinton V. Weiss",
                    "email": "cvweiss@gmail.com"
                }
            ],
            "time": "2018-05-17T13:02:51+00:00"
        },
        {
            "name": "cvweiss/zcache",
            "version": "v0.1.5",
            "source": {
                "type": "git",
                "url": "https://github.com/cvweiss/zcache.git",
                "reference": "f59dc70bd70e8eb4388d8ab6d3e1450a6bfbfacb"
            },
            "dist": {
                "type": "zip",
                "url": "https://api.github.com/repos/cvweiss/zcache/zipball/f59dc70bd70e8eb4388d8ab6d3e1450a6bfbfacb",
                "reference": "f59dc70bd70e8eb4388d8ab6d3e1450a6bfbfacb",
                "shasum": ""
            },
            "type": "library",
            "autoload": {
                "psr-0": {
                    "": "src"
                }
            },
            "notification-url": "https://packagist.org/downloads/",
            "license": [
                "Unlicense"
            ],
            "authors": [
                {
                    "name": "Clinton Weiss",
                    "email": "cvweiss@gmail.com"
                }
            ],
            "description": "Library of classes to simplify caching",
            "time": "2018-05-15T22:01:27+00:00"
        },
        {
            "name": "cvweiss/zlibrary",
            "version": "v0.3.4.4",
            "source": {
                "type": "git",
                "url": "https://github.com/cvweiss/zlibrary.git",
                "reference": "e5cf24ee2d91bd5bfd6642f19a887009c63e2b39"
            },
            "dist": {
                "type": "zip",
                "url": "https://api.github.com/repos/cvweiss/zlibrary/zipball/e5cf24ee2d91bd5bfd6642f19a887009c63e2b39",
                "reference": "e5cf24ee2d91bd5bfd6642f19a887009c63e2b39",
                "shasum": ""
            },
            "require": {
                "cvweiss/zcache": "*"
            },
            "type": "library",
            "autoload": {
                "psr-0": {
                    "": "src"
                }
            },
            "notification-url": "https://packagist.org/downloads/",
            "license": [
                "Unlicense"
            ],
            "authors": [
                {
                    "name": "Clinton Weiss",
                    "email": "cvweiss@gmail.com"
                }
            ],
            "description": "Library of classes to simplify various tasks",
            "time": "2018-03-03T16:31:19+00:00"
        },
        {
            "name": "dg/twitter-php",
            "version": "v3.7",
            "source": {
                "type": "git",
                "url": "https://github.com/dg/twitter-php.git",
                "reference": "d8bb9f21dfc31d06641ee60c04f2850b4d4801b5"
            },
            "dist": {
                "type": "zip",
                "url": "https://api.github.com/repos/dg/twitter-php/zipball/d8bb9f21dfc31d06641ee60c04f2850b4d4801b5",
                "reference": "d8bb9f21dfc31d06641ee60c04f2850b4d4801b5",
                "shasum": ""
            },
            "require": {
                "ext-curl": "*",
                "php": ">=5.4.0"
            },
            "type": "library",
            "autoload": {
                "classmap": [
                    "src/"
                ]
            },
            "notification-url": "https://packagist.org/downloads/",
            "license": [
                "BSD-3-Clause"
            ],
            "authors": [
                {
                    "name": "David Grudl",
                    "homepage": "https://davidgrudl.com"
                }
            ],
            "description": "Small and easy Twitter library for PHP",
            "homepage": "https://github.com/dg/twitter-php",
            "keywords": [
                "oauth",
                "twitter"
            ],
            "time": "2018-03-15T10:07:08+00:00"
        },
        {
            "name": "erusev/parsedown",
            "version": "1.7.1",
            "source": {
                "type": "git",
                "url": "https://github.com/erusev/parsedown.git",
                "reference": "92e9c27ba0e74b8b028b111d1b6f956a15c01fc1"
            },
            "dist": {
                "type": "zip",
                "url": "https://api.github.com/repos/erusev/parsedown/zipball/92e9c27ba0e74b8b028b111d1b6f956a15c01fc1",
                "reference": "92e9c27ba0e74b8b028b111d1b6f956a15c01fc1",
                "shasum": ""
            },
            "require": {
                "ext-mbstring": "*",
                "php": ">=5.3.0"
            },
            "require-dev": {
                "phpunit/phpunit": "^4.8.35"
            },
            "type": "library",
            "autoload": {
                "psr-0": {
                    "Parsedown": ""
                }
            },
            "notification-url": "https://packagist.org/downloads/",
            "license": [
                "MIT"
            ],
            "authors": [
                {
                    "name": "Emanuil Rusev",
                    "email": "hello@erusev.com",
                    "homepage": "http://erusev.com"
                }
            ],
            "description": "Parser for Markdown.",
            "homepage": "http://parsedown.org",
            "keywords": [
                "markdown",
                "parser"
            ],
            "time": "2018-03-08T01:11:30+00:00"
        },
        {
            "name": "guzzlehttp/guzzle",
            "version": "6.3.3",
            "source": {
                "type": "git",
                "url": "https://github.com/guzzle/guzzle.git",
                "reference": "407b0cb880ace85c9b63c5f9551db498cb2d50ba"
            },
            "dist": {
                "type": "zip",
                "url": "https://api.github.com/repos/guzzle/guzzle/zipball/407b0cb880ace85c9b63c5f9551db498cb2d50ba",
                "reference": "407b0cb880ace85c9b63c5f9551db498cb2d50ba",
                "shasum": ""
            },
            "require": {
                "guzzlehttp/promises": "^1.0",
                "guzzlehttp/psr7": "^1.4",
                "php": ">=5.5"
            },
            "require-dev": {
                "ext-curl": "*",
                "phpunit/phpunit": "^4.8.35 || ^5.7 || ^6.4 || ^7.0",
                "psr/log": "^1.0"
            },
            "suggest": {
                "psr/log": "Required for using the Log middleware"
            },
            "type": "library",
            "extra": {
                "branch-alias": {
                    "dev-master": "6.3-dev"
                }
            },
            "autoload": {
                "files": [
                    "src/functions_include.php"
                ],
                "psr-4": {
                    "GuzzleHttp\\": "src/"
                }
            },
            "notification-url": "https://packagist.org/downloads/",
            "license": [
                "MIT"
            ],
            "authors": [
                {
                    "name": "Michael Dowling",
                    "email": "mtdowling@gmail.com",
                    "homepage": "https://github.com/mtdowling"
                }
            ],
            "description": "Guzzle is a PHP HTTP client library",
            "homepage": "http://guzzlephp.org/",
            "keywords": [
                "client",
                "curl",
                "framework",
                "http",
                "http client",
                "rest",
                "web service"
            ],
            "time": "2018-04-22T15:46:56+00:00"
        },
        {
            "name": "guzzlehttp/promises",
            "version": "v1.3.1",
            "source": {
                "type": "git",
                "url": "https://github.com/guzzle/promises.git",
                "reference": "a59da6cf61d80060647ff4d3eb2c03a2bc694646"
            },
            "dist": {
                "type": "zip",
                "url": "https://api.github.com/repos/guzzle/promises/zipball/a59da6cf61d80060647ff4d3eb2c03a2bc694646",
                "reference": "a59da6cf61d80060647ff4d3eb2c03a2bc694646",
                "shasum": ""
            },
            "require": {
                "php": ">=5.5.0"
            },
            "require-dev": {
                "phpunit/phpunit": "^4.0"
            },
            "type": "library",
            "extra": {
                "branch-alias": {
                    "dev-master": "1.4-dev"
                }
            },
            "autoload": {
                "psr-4": {
                    "GuzzleHttp\\Promise\\": "src/"
                },
                "files": [
                    "src/functions_include.php"
                ]
            },
            "notification-url": "https://packagist.org/downloads/",
            "license": [
                "MIT"
            ],
            "authors": [
                {
                    "name": "Michael Dowling",
                    "email": "mtdowling@gmail.com",
                    "homepage": "https://github.com/mtdowling"
                }
            ],
            "description": "Guzzle promises library",
            "keywords": [
                "promise"
            ],
            "time": "2016-12-20T10:07:11+00:00"
        },
        {
            "name": "guzzlehttp/psr7",
            "version": "1.5.2",
            "source": {
                "type": "git",
                "url": "https://github.com/guzzle/psr7.git",
                "reference": "9f83dded91781a01c63574e387eaa769be769115"
            },
            "dist": {
                "type": "zip",
                "url": "https://api.github.com/repos/guzzle/psr7/zipball/9f83dded91781a01c63574e387eaa769be769115",
                "reference": "9f83dded91781a01c63574e387eaa769be769115",
                "shasum": ""
            },
            "require": {
                "php": ">=5.4.0",
                "psr/http-message": "~1.0",
                "ralouphie/getallheaders": "^2.0.5"
            },
            "provide": {
                "psr/http-message-implementation": "1.0"
            },
            "require-dev": {
                "phpunit/phpunit": "~4.8.36 || ^5.7.27 || ^6.5.8"
            },
            "type": "library",
            "extra": {
                "branch-alias": {
                    "dev-master": "1.5-dev"
                }
            },
            "autoload": {
                "psr-4": {
                    "GuzzleHttp\\Psr7\\": "src/"
                },
                "files": [
                    "src/functions_include.php"
                ]
            },
            "notification-url": "https://packagist.org/downloads/",
            "license": [
                "MIT"
            ],
            "authors": [
                {
                    "name": "Michael Dowling",
                    "email": "mtdowling@gmail.com",
                    "homepage": "https://github.com/mtdowling"
                },
                {
                    "name": "Tobias Schultze",
                    "homepage": "https://github.com/Tobion"
                }
            ],
            "description": "PSR-7 message implementation that also provides common utility methods",
            "keywords": [
                "http",
                "message",
                "psr-7",
                "request",
                "response",
                "stream",
                "uri",
                "url"
            ],
            "time": "2018-12-04T20:46:45+00:00"
        },
        {
            "name": "ircmaxell/random-lib",
            "version": "v1.2.0",
            "source": {
                "type": "git",
                "url": "https://github.com/ircmaxell/RandomLib.git",
                "reference": "e9e0204f40e49fa4419946c677eccd3fa25b8cf4"
            },
            "dist": {
                "type": "zip",
                "url": "https://api.github.com/repos/ircmaxell/RandomLib/zipball/e9e0204f40e49fa4419946c677eccd3fa25b8cf4",
                "reference": "e9e0204f40e49fa4419946c677eccd3fa25b8cf4",
                "shasum": ""
            },
            "require": {
                "ircmaxell/security-lib": "^1.1",
                "php": ">=5.3.2"
            },
            "require-dev": {
                "friendsofphp/php-cs-fixer": "^1.11",
                "mikey179/vfsstream": "^1.6",
                "phpunit/phpunit": "^4.8|^5.0"
            },
            "type": "library",
            "extra": {
                "branch-alias": {
                    "dev-master": "1.1.x-dev"
                }
            },
            "autoload": {
                "psr-0": {
                    "RandomLib": "lib"
                }
            },
            "notification-url": "https://packagist.org/downloads/",
            "license": [
                "MIT"
            ],
            "authors": [
                {
                    "name": "Anthony Ferrara",
                    "email": "ircmaxell@ircmaxell.com",
                    "homepage": "http://blog.ircmaxell.com"
                }
            ],
            "description": "A Library For Generating Secure Random Numbers",
            "homepage": "https://github.com/ircmaxell/RandomLib",
            "keywords": [
                "cryptography",
                "random",
                "random-numbers",
                "random-strings"
            ],
            "time": "2016-09-07T15:52:06+00:00"
        },
        {
            "name": "ircmaxell/security-lib",
            "version": "v1.1.0",
            "source": {
                "type": "git",
                "url": "https://github.com/ircmaxell/SecurityLib.git",
                "reference": "f3db6de12c20c9bcd1aa3db4353a1bbe0e44e1b5"
            },
            "dist": {
                "type": "zip",
                "url": "https://api.github.com/repos/ircmaxell/SecurityLib/zipball/f3db6de12c20c9bcd1aa3db4353a1bbe0e44e1b5",
                "reference": "f3db6de12c20c9bcd1aa3db4353a1bbe0e44e1b5",
                "shasum": ""
            },
            "require": {
                "php": ">=5.3.2"
            },
            "require-dev": {
                "mikey179/vfsstream": "1.1.*"
            },
            "type": "library",
            "extra": {
                "branch-alias": {
                    "dev-master": "1.0.x-dev"
                }
            },
            "autoload": {
                "psr-0": {
                    "SecurityLib": "lib"
                }
            },
            "notification-url": "https://packagist.org/downloads/",
            "license": [
                "MIT"
            ],
            "authors": [
                {
                    "name": "Anthony Ferrara",
                    "email": "ircmaxell@ircmaxell.com",
                    "homepage": "http://blog.ircmaxell.com"
                }
            ],
            "description": "A Base Security Library",
            "homepage": "https://github.com/ircmaxell/SecurityLib",
            "time": "2015-03-20T14:31:23+00:00"
        },
        {
            "name": "psr/http-message",
            "version": "1.0.1",
            "source": {
                "type": "git",
                "url": "https://github.com/php-fig/http-message.git",
                "reference": "f6561bf28d520154e4b0ec72be95418abe6d9363"
            },
            "dist": {
                "type": "zip",
                "url": "https://api.github.com/repos/php-fig/http-message/zipball/f6561bf28d520154e4b0ec72be95418abe6d9363",
                "reference": "f6561bf28d520154e4b0ec72be95418abe6d9363",
                "shasum": ""
            },
            "require": {
                "php": ">=5.3.0"
            },
            "type": "library",
            "extra": {
                "branch-alias": {
                    "dev-master": "1.0.x-dev"
                }
            },
            "autoload": {
                "psr-4": {
                    "Psr\\Http\\Message\\": "src/"
                }
            },
            "notification-url": "https://packagist.org/downloads/",
            "license": [
                "MIT"
            ],
            "authors": [
                {
                    "name": "PHP-FIG",
                    "homepage": "http://www.php-fig.org/"
                }
            ],
            "description": "Common interface for HTTP messages",
            "homepage": "https://github.com/php-fig/http-message",
            "keywords": [
                "http",
                "http-message",
                "psr",
                "psr-7",
                "request",
                "response"
            ],
            "time": "2016-08-06T14:39:51+00:00"
        },
        {
            "name": "ralouphie/getallheaders",
            "version": "2.0.5",
            "source": {
                "type": "git",
                "url": "https://github.com/ralouphie/getallheaders.git",
                "reference": "5601c8a83fbba7ef674a7369456d12f1e0d0eafa"
            },
            "dist": {
                "type": "zip",
                "url": "https://api.github.com/repos/ralouphie/getallheaders/zipball/5601c8a83fbba7ef674a7369456d12f1e0d0eafa",
                "reference": "5601c8a83fbba7ef674a7369456d12f1e0d0eafa",
                "shasum": ""
            },
            "require": {
                "php": ">=5.3"
            },
            "require-dev": {
                "phpunit/phpunit": "~3.7.0",
                "satooshi/php-coveralls": ">=1.0"
            },
            "type": "library",
            "autoload": {
                "files": [
                    "src/getallheaders.php"
                ]
            },
            "notification-url": "https://packagist.org/downloads/",
            "license": [
                "MIT"
            ],
            "authors": [
                {
                    "name": "Ralph Khattar",
                    "email": "ralph.khattar@gmail.com"
                }
            ],
            "description": "A polyfill for getallheaders.",
            "time": "2016-02-11T07:05:27+00:00"
        },
        {
            "name": "slim/slim",
            "version": "2.6.3",
            "source": {
                "type": "git",
                "url": "https://github.com/slimphp/Slim.git",
                "reference": "9224ed81ac1c412881e8d762755e3d76ebf580c0"
            },
            "dist": {
                "type": "zip",
                "url": "https://api.github.com/repos/slimphp/Slim/zipball/9224ed81ac1c412881e8d762755e3d76ebf580c0",
                "reference": "9224ed81ac1c412881e8d762755e3d76ebf580c0",
                "shasum": ""
            },
            "require": {
                "php": ">=5.3.0"
            },
            "suggest": {
                "ext-mcrypt": "Required for HTTP cookie encryption",
                "phpseclib/mcrypt_compat": "Polyfil for mcrypt extension"
            },
            "type": "library",
            "autoload": {
                "psr-0": {
                    "Slim": "."
                }
            },
            "notification-url": "https://packagist.org/downloads/",
            "license": [
                "MIT"
            ],
            "authors": [
                {
                    "name": "Josh Lockhart",
                    "email": "info@joshlockhart.com",
                    "homepage": "http://www.joshlockhart.com/"
                }
            ],
            "description": "Slim Framework, a PHP micro framework",
            "homepage": "http://github.com/codeguy/Slim",
            "keywords": [
                "microframework",
                "rest",
                "router"
            ],
            "time": "2017-01-07T12:21:41+00:00"
        },
        {
            "name": "slim/views",
            "version": "0.1.3",
            "source": {
                "type": "git",
                "url": "https://github.com/slimphp/Slim-Views.git",
                "reference": "8561c785e55a39df6cb6f95c3aba3281a60ed5b0"
            },
            "dist": {
                "type": "zip",
                "url": "https://api.github.com/repos/slimphp/Slim-Views/zipball/8561c785e55a39df6cb6f95c3aba3281a60ed5b0",
                "reference": "8561c785e55a39df6cb6f95c3aba3281a60ed5b0",
                "shasum": ""
            },
            "require": {
                "php": ">=5.3.0",
                "slim/slim": ">=2.4.0"
            },
            "suggest": {
                "smarty/smarty": "Smarty templating system",
                "twig/twig": "Twig templating system"
            },
            "type": "library",
            "autoload": {
                "psr-4": {
                    "Slim\\Views\\": "./"
                }
            },
            "notification-url": "https://packagist.org/downloads/",
            "license": [
                "MIT"
            ],
            "authors": [
                {
                    "name": "Josh Lockhart",
                    "email": "info@joshlockhart.com",
                    "homepage": "http://www.joshlockhart.com/"
                },
                {
                    "name": "Andrew Smith",
                    "email": "a.smith@silentworks.co.uk",
                    "homepage": "http://thoughts.silentworks.co.uk/"
                }
            ],
            "description": "Smarty and Twig View Parser package for the Slim Framework",
            "homepage": "http://github.com/codeguy/Slim-Views",
            "keywords": [
                "extensions",
                "slimphp",
                "templating"
            ],
            "time": "2014-12-09T23:48:51+00:00"
        },
        {
            "name": "symfony/polyfill-ctype",
            "version": "v1.10.0",
            "source": {
                "type": "git",
                "url": "https://github.com/symfony/polyfill-ctype.git",
                "reference": "e3d826245268269cd66f8326bd8bc066687b4a19"
            },
            "dist": {
                "type": "zip",
                "url": "https://api.github.com/repos/symfony/polyfill-ctype/zipball/e3d826245268269cd66f8326bd8bc066687b4a19",
                "reference": "e3d826245268269cd66f8326bd8bc066687b4a19",
                "shasum": ""
            },
            "require": {
                "php": ">=5.3.3"
            },
            "suggest": {
                "ext-ctype": "For best performance"
            },
            "type": "library",
            "extra": {
                "branch-alias": {
                    "dev-master": "1.9-dev"
                }
            },
            "autoload": {
                "psr-4": {
                    "Symfony\\Polyfill\\Ctype\\": ""
                },
                "files": [
                    "bootstrap.php"
                ]
            },
            "notification-url": "https://packagist.org/downloads/",
            "license": [
                "MIT"
            ],
            "authors": [
                {
                    "name": "Symfony Community",
                    "homepage": "https://symfony.com/contributors"
                },
                {
                    "name": "Gert de Pagter",
                    "email": "backendtea@gmail.com"
                }
            ],
            "description": "Symfony polyfill for ctype functions",
            "homepage": "https://symfony.com",
            "keywords": [
                "compatibility",
                "ctype",
                "polyfill",
                "portable"
            ],
            "time": "2018-08-06T14:22:27+00:00"
        },
        {
            "name": "twig/twig",
            "version": "v1.37.1",
            "source": {
                "type": "git",
                "url": "https://github.com/twigphp/Twig.git",
                "reference": "66be9366c76cbf23e82e7171d47cbfa54a057a62"
            },
            "dist": {
                "type": "zip",
                "url": "https://api.github.com/repos/twigphp/Twig/zipball/66be9366c76cbf23e82e7171d47cbfa54a057a62",
                "reference": "66be9366c76cbf23e82e7171d47cbfa54a057a62",
                "shasum": ""
            },
            "require": {
                "php": ">=5.4.0",
                "symfony/polyfill-ctype": "^1.8"
            },
            "require-dev": {
                "psr/container": "^1.0",
                "symfony/debug": "^2.7",
                "symfony/phpunit-bridge": "^3.4.19|^4.1.8"
            },
            "type": "library",
            "extra": {
                "branch-alias": {
                    "dev-master": "1.37-dev"
                }
            },
            "autoload": {
                "psr-0": {
                    "Twig_": "lib/"
                },
                "psr-4": {
                    "Twig\\": "src/"
                }
            },
            "notification-url": "https://packagist.org/downloads/",
            "license": [
                "BSD-3-Clause"
            ],
            "authors": [
                {
                    "name": "Fabien Potencier",
                    "email": "fabien@symfony.com",
                    "homepage": "http://fabien.potencier.org",
                    "role": "Lead Developer"
                },
                {
                    "name": "Armin Ronacher",
                    "email": "armin.ronacher@active-4.com",
                    "role": "Project Founder"
                },
                {
                    "name": "Twig Team",
                    "homepage": "https://twig.symfony.com/contributors",
                    "role": "Contributors"
                }
            ],
            "description": "Twig, the flexible, fast, and secure template language for PHP",
            "homepage": "https://twig.symfony.com",
            "keywords": [
                "templating"
            ],
            "time": "2019-01-14T14:59:29+00:00"
        },
        {
            "name": "zkillboard/redisq",
            "version": "v1.0.0",
            "source": {
                "type": "git",
                "url": "https://github.com/zKillboard/RedisQ.git",
                "reference": "8fee49f9dc889feb19ed58859e8655592cebc28e"
            },
            "dist": {
                "type": "zip",
                "url": "https://api.github.com/repos/zKillboard/RedisQ/zipball/8fee49f9dc889feb19ed58859e8655592cebc28e",
                "reference": "8fee49f9dc889feb19ed58859e8655592cebc28e",
                "shasum": ""
            },
            "type": "library",
            "autoload": {
                "psr-4": {
                    "RedisQ\\": "src/"
                }
            },
            "notification-url": "https://packagist.org/downloads/",
            "authors": [
                {
                    "name": "Clinton Weiss",
                    "email": "cvweiss@gmail.com"
                }
            ],
            "description": "A simple queue based on Redis",
            "time": "2016-05-27T21:47:47+00:00"
        }
    ],
    "packages-dev": [],
    "aliases": [],
    "minimum-stability": "stable",
    "stability-flags": [],
    "prefer-stable": true,
    "prefer-lowest": false,
    "platform": [],
    "platform-dev": []
}
